
Microsoft Visual Studio Solution File, Format Version 12.00
# Visual Studio Version 17
VisualStudioVersion = 17.5.002.0
MinimumVisualStudioVersion = 10.0.40219.1
Project("{9A19103F-16F7-4668-BE54-9A1E7A4F7556}") = "TaskManagerAPI", "TaskManagerAPI.csproj", "{06ED47B8-7DA1-4457-B175-4B44B89D250D}"
EndProject
Global
	GlobalSection(SolutionConfigurationPlatforms) = preSolution
		Debug|Any CPU = Debug|Any CPU
		Release|Any CPU = Release|Any CPU
	EndGlobalSection
	GlobalSection(ProjectConfigurationPlatforms) = postSolution
		{06ED47B8-7DA1-4457-B175-4B44B89D250D}.Debug|Any CPU.ActiveCfg = Debug|Any CPU
		{06ED47B8-7DA1-4457-B175-4B44B89D250D}.Debug|Any CPU.Build.0 = Debug|Any CPU
		{06ED47B8-7DA1-4457-B175-4B44B89D250D}.Release|Any CPU.ActiveCfg = Release|Any CPU
		{06ED47B8-7DA1-4457-B175-4B44B89D250D}.Release|Any CPU.Build.0 = Release|Any CPU
	EndGlobalSection
	GlobalSection(SolutionProperties) = preSolution
		HideSolutionNode = FALSE
	EndGlobalSection
	GlobalSection(ExtensibilityGlobals) = postSolution
		SolutionGuid = {72CFDE1C-A16E-4CB3-AD62-37819C49C1E6}
	EndGlobalSection
EndGlobal
